
Microsoft Visual Studio Solution File, Format Version 12.00
# Visual Studio Version 16
VisualStudioVersion = 16.0.31005.135
MinimumVisualStudioVersion = 10.0.40219.1
Project("{FAE04EC0-301F-11D3-BF4B-00C04F79EFBC}") = "Praktika_WinForms_4", "Praktika_WinForms_4.csproj", "{4419CD81-CB91-4F20-82CF-777C1944E3AA}"
EndProject
Global
	GlobalSection(SolutionConfigurationPlatforms) = preSolution
		Debug|Any CPU = Debug|Any CPU
		Release|Any CPU = Release|Any CPU
	EndGlobalSection
	GlobalSection(ProjectConfigurationPlatforms) = postSolution
		{4419CD81-CB91-4F20-82CF-777C1944E3AA}.Debug|Any CPU.ActiveCfg = Debug|Any CPU
		{4419CD81-CB91-4F20-82CF-777C1944E3AA}.Debug|Any CPU.Build.0 = Debug|Any CPU
		{4419CD81-CB91-4F20-82CF-777C1944E3AA}.Release|Any CPU.ActiveCfg = Release|Any CPU
		{4419CD81-CB91-4F20-82CF-777C1944E3AA}.Release|Any CPU.Build.0 = Release|Any CPU
	EndGlobalSection
	GlobalSection(SolutionProperties) = preSolution
		HideSolutionNode = FALSE
	EndGlobalSection
	GlobalSection(ExtensibilityGlobals) = postSolution
		SolutionGuid = {AE4C3C56-2EC1-4538-92B8-612479D83A68}
	EndGlobalSection
EndGlobal
